
Microsoft Visual Studio Solution File, Format Version 12.00
# Visual Studio Version 17
VisualStudioVersion = 17.4.33122.133
MinimumVisualStudioVersion = 10.0.40219.1
Project("{FAE04EC0-301F-11D3-BF4B-00C04F79EFBC}") = "DocService", "DocService\DocService.csproj", "{CD8617A7-6203-48F7-A67F-2145EC40789C}"
EndProject
Global
	GlobalSection(SolutionConfigurationPlatforms) = preSolution
		Debug|Any CPU = Debug|Any CPU
		Release|Any CPU = Release|Any CPU
	EndGlobalSection
	GlobalSection(ProjectConfigurationPlatforms) = postSolution
		{CD8617A7-6203-48F7-A67F-2145EC40789C}.Debug|Any CPU.ActiveCfg = Debug|Any CPU
		{CD8617A7-6203-48F7-A67F-2145EC40789C}.Debug|Any CPU.Build.0 = Debug|Any CPU
		{CD8617A7-6203-48F7-A67F-2145EC40789C}.Release|Any CPU.ActiveCfg = Release|Any CPU
		{CD8617A7-6203-48F7-A67F-2145EC40789C}.Release|Any CPU.Build.0 = Release|Any CPU
	EndGlobalSection
	GlobalSection(SolutionProperties) = preSolution
		HideSolutionNode = FALSE
	EndGlobalSection
	GlobalSection(ExtensibilityGlobals) = postSolution
		SolutionGuid = {25F9203A-10EC-4208-AA95-C986AB1C6440}
	EndGlobalSection
EndGlobal
